
Microsoft Visual Studio Solution File, Format Version 12.00
# Visual Studio Version 17
VisualStudioVersion = 17.1.32210.238
MinimumVisualStudioVersion = 10.0.40219.1
Project("{FAE04EC0-301F-11D3-BF4B-00C04F79EFBC}") = "WebApi", "WebApi\WebApi.csproj", "{324CFAA0-1A01-489D-A849-67ACE9FB343E}"
EndProject
Project("{FAE04EC0-301F-11D3-BF4B-00C04F79EFBC}") = "Application", "Application\Application.csproj", "{AC5D8E71-9965-443B-8152-C574654196C3}"
EndProject
Project("{FAE04EC0-301F-11D3-BF4B-00C04F79EFBC}") = "Infrastructure", "Infrastructure\Infrastructure.csproj", "{AA42B628-A762-4F29-A755-30B5B55C7FB3}"
EndProject
Project("{FAE04EC0-301F-11D3-BF4B-00C04F79EFBC}") = "Domain", "Domain\Domain.csproj", "{57138418-0A3D-40AC-835A-472136192FA4}"
EndProject
Project("{FAE04EC0-301F-11D3-BF4B-00C04F79EFBC}") = "Events", "Events\Events.csproj", "{9B6E29C0-6D82-40B9-979C-01285492B715}"
EndProject
Global
	GlobalSection(SolutionConfigurationPlatforms) = preSolution
		Debug|Any CPU = Debug|Any CPU
		Release|Any CPU = Release|Any CPU
	EndGlobalSection
	GlobalSection(ProjectConfigurationPlatforms) = postSolution
		{324CFAA0-1A01-489D-A849-67ACE9FB343E}.Debug|Any CPU.ActiveCfg = Debug|Any CPU
		{324CFAA0-1A01-489D-A849-67ACE9FB343E}.Debug|Any CPU.Build.0 = Debug|Any CPU
		{324CFAA0-1A01-489D-A849-67ACE9FB343E}.Release|Any CPU.ActiveCfg = Release|Any CPU
		{324CFAA0-1A01-489D-A849-67ACE9FB343E}.Release|Any CPU.Build.0 = Release|Any CPU
		{AC5D8E71-9965-443B-8152-C574654196C3}.Debug|Any CPU.ActiveCfg = Debug|Any CPU
		{AC5D8E71-9965-443B-8152-C574654196C3}.Debug|Any CPU.Build.0 = Debug|Any CPU
		{AC5D8E71-9965-443B-8152-C574654196C3}.Release|Any CPU.ActiveCfg = Release|Any CPU
		{AC5D8E71-9965-443B-8152-C574654196C3}.Release|Any CPU.Build.0 = Release|Any CPU
		{AA42B628-A762-4F29-A755-30B5B55C7FB3}.Debug|Any CPU.ActiveCfg = Debug|Any CPU
		{AA42B628-A762-4F29-A755-30B5B55C7FB3}.Debug|Any CPU.Build.0 = Debug|Any CPU
		{AA42B628-A762-4F29-A755-30B5B55C7FB3}.Release|Any CPU.ActiveCfg = Release|Any CPU
		{AA42B628-A762-4F29-A755-30B5B55C7FB3}.Release|Any CPU.Build.0 = Release|Any CPU
		{57138418-0A3D-40AC-835A-472136192FA4}.Debug|Any CPU.ActiveCfg = Debug|Any CPU
		{57138418-0A3D-40AC-835A-472136192FA4}.Debug|Any CPU.Build.0 = Debug|Any CPU
		{57138418-0A3D-40AC-835A-472136192FA4}.Release|Any CPU.ActiveCfg = Release|Any CPU
		{57138418-0A3D-40AC-835A-472136192FA4}.Release|Any CPU.Build.0 = Release|Any CPU
		{9B6E29C0-6D82-40B9-979C-01285492B715}.Debug|Any CPU.ActiveCfg = Debug|Any CPU
		{9B6E29C0-6D82-40B9-979C-01285492B715}.Debug|Any CPU.Build.0 = Debug|Any CPU
		{9B6E29C0-6D82-40B9-979C-01285492B715}.Release|Any CPU.ActiveCfg = Release|Any CPU
		{9B6E29C0-6D82-40B9-979C-01285492B715}.Release|Any CPU.Build.0 = Release|Any CPU
	EndGlobalSection
	GlobalSection(SolutionProperties) = preSolution
		HideSolutionNode = FALSE
	EndGlobalSection
	GlobalSection(ExtensibilityGlobals) = postSolution
		SolutionGuid = {EF1046F4-481B-4328-8469-C3C0B663C867}
	EndGlobalSection
EndGlobal
